{
	"name": "obsidian-simple-mention",
	"version": "0.1.0",
	"lockfileVersion": 1,
	"requires": true,
	"dependencies": {
		"@codemirror/commands": {
			"version": "6.0.1",
			"resolved": "https://registry.npmjs.org/@codemirror/commands/-/commands-6.0.1.tgz",
			"integrity": "sha512-iNHDByicYqQjs0Wo1MKGfqNbMYMyhS9WV6EwMVwsHXImlFemgEUC+c5X22bXKBStN3qnwg4fArNZM+gkv22baQ==",
			"dev": true,
			"requires": {
				"@codemirror/language": "^6.0.0",
				"@codemirror/state": "^6.0.0",
				"@codemirror/view": "^6.0.0",
				"@lezer/common": "^1.0.0"
			},
			"dependencies": {
				"@lezer/common": {
					"version": "1.0.0",
					"resolved": "https://registry.npmjs.org/@lezer/common/-/common-1.0.0.tgz",
					"integrity": "sha512-ohydQe+Hb+w4oMDvXzs8uuJd2NoA3D8YDcLiuDsLqH+yflDTPEpgCsWI3/6rH5C3BAedtH1/R51dxENldQceEA==",
					"dev": true
				}
			}
		},
		"@codemirror/fold": {
			"version": "0.19.0",
			"resolved": "https://registry.npmjs.org/@codemirror/fold/-/fold-0.19.0.tgz",
			"integrity": "sha512-cHbr2hqKe2pMls1Ia1a4IwXly87ljpmvPUKkul6H/Uv9kCwpQLOP3dGMPXbMGm/1hGjBF/0wnc+m2iba9iJBTQ==",
			"dev": true,
			"requires": {
				"@codemirror/gutter": "^0.19.0",
				"@codemirror/language": "^0.19.0",
				"@codemirror/rangeset": "^0.19.0",
				"@codemirror/state": "^0.19.0",
				"@codemirror/view": "^0.19.0"
			},
			"dependencies": {
				"@codemirror/language": {
					"version": "0.19.10",
					"resolved": "https://registry.npmjs.org/@codemirror/language/-/language-0.19.10.tgz",
					"integrity": "sha512-yA0DZ3RYn2CqAAGW62VrU8c4YxscMQn45y/I9sjBlqB1e2OTQLg4CCkMBuMSLXk4xaqjlsgazeOQWaJQOKfV8Q==",
					"dev": true,
					"requires": {
						"@codemirror/state": "^0.19.0",
						"@codemirror/text": "^0.19.0",
						"@codemirror/view": "^0.19.0",
						"@lezer/common": "^0.15.5",
						"@lezer/lr": "^0.15.0"
					}
				},
				"@codemirror/state": {
					"version": "0.19.9",
					"resolved": "https://registry.npmjs.org/@codemirror/state/-/state-0.19.9.tgz",
					"integrity": "sha512-psOzDolKTZkx4CgUqhBQ8T8gBc0xN5z4gzed109aF6x7D7umpDRoimacI/O6d9UGuyl4eYuDCZmDFr2Rq7aGOw==",
					"dev": true,
					"requires": {
						"@codemirror/text": "^0.19.0"
					}
				},
				"@codemirror/view": {
					"version": "0.19.48",
					"resolved": "https://registry.npmjs.org/@codemirror/view/-/view-0.19.48.tgz",
					"integrity": "sha512-0eg7D2Nz4S8/caetCTz61rK0tkHI17V/d15Jy0kLOT8dTLGGNJUponDnW28h2B6bERmPlVHKh8MJIr5OCp1nGw==",
					"dev": true,
					"requires": {
						"@codemirror/rangeset": "^0.19.5",
						"@codemirror/state": "^0.19.3",
						"@codemirror/text": "^0.19.0",
						"style-mod": "^4.0.0",
						"w3c-keyname": "^2.2.4"
					}
				}
			}
		},
		"@codemirror/gutter": {
			"version": "0.19.9",
			"resolved": "https://registry.npmjs.org/@codemirror/gutter/-/gutter-0.19.9.tgz",
			"integrity": "sha512-PFrtmilahin1g6uL27aG5tM/rqR9DZzZYZsIrCXA5Uc2OFTFqx4owuhoU9hqfYxHp5ovfvBwQ+txFzqS4vog6Q==",
			"dev": true,
			"requires": {
				"@codemirror/rangeset": "^0.19.0",
				"@codemirror/state": "^0.19.0",
				"@codemirror/view": "^0.19.23"
			},
			"dependencies": {
				"@codemirror/state": {
					"version": "0.19.9",
					"resolved": "https://registry.npmjs.org/@codemirror/state/-/state-0.19.9.tgz",
					"integrity": "sha512-psOzDolKTZkx4CgUqhBQ8T8gBc0xN5z4gzed109aF6x7D7umpDRoimacI/O6d9UGuyl4eYuDCZmDFr2Rq7aGOw==",
					"dev": true,
					"requires": {
						"@codemirror/text": "^0.19.0"
					}
				},
				"@codemirror/view": {
					"version": "0.19.48",
					"resolved": "https://registry.npmjs.org/@codemirror/view/-/view-0.19.48.tgz",
					"integrity": "sha512-0eg7D2Nz4S8/caetCTz61rK0tkHI17V/d15Jy0kLOT8dTLGGNJUponDnW28h2B6bERmPlVHKh8MJIr5OCp1nGw==",
					"dev": true,
					"requires": {
						"@codemirror/rangeset": "^0.19.5",
						"@codemirror/state": "^0.19.3",
						"@codemirror/text": "^0.19.0",
						"style-mod": "^4.0.0",
						"w3c-keyname": "^2.2.4"
					}
				}
			}
		},
		"@codemirror/history": {
			"version": "0.19.2",
			"resolved": "https://registry.npmjs.org/@codemirror/history/-/history-0.19.2.tgz",
			"integrity": "sha512-unhP4t3N2smzmHoo/Yio6ueWi+il8gm9VKrvi6wlcdGH5fOfVDNkmjHQ495SiR+EdOG35+3iNebSPYww0vN7ow==",
			"dev": true,
			"requires": {
				"@codemirror/state": "^0.19.2",
				"@codemirror/view": "^0.19.0"
			},
			"dependencies": {
				"@codemirror/state": {
					"version": "0.19.9",
					"resolved": "https://registry.npmjs.org/@codemirror/state/-/state-0.19.9.tgz",
					"integrity": "sha512-psOzDolKTZkx4CgUqhBQ8T8gBc0xN5z4gzed109aF6x7D7umpDRoimacI/O6d9UGuyl4eYuDCZmDFr2Rq7aGOw==",
					"dev": true,
					"requires": {
						"@codemirror/text": "^0.19.0"
					}
				},
				"@codemirror/view": {
					"version": "0.19.48",
					"resolved": "https://registry.npmjs.org/@codemirror/view/-/view-0.19.48.tgz",
					"integrity": "sha512-0eg7D2Nz4S8/caetCTz61rK0tkHI17V/d15Jy0kLOT8dTLGGNJUponDnW28h2B6bERmPlVHKh8MJIr5OCp1nGw==",
					"dev": true,
					"requires": {
						"@codemirror/rangeset": "^0.19.5",
						"@codemirror/state": "^0.19.3",
						"@codemirror/text": "^0.19.0",
						"style-mod": "^4.0.0",
						"w3c-keyname": "^2.2.4"
					}
				}
			}
		},
		"@codemirror/language": {
			"version": "6.2.1",
			"resolved": "https://registry.npmjs.org/@codemirror/language/-/language-6.2.1.tgz",
			"integrity": "sha512-MC3svxuvIj0MRpFlGHxLS6vPyIdbTr2KKPEW46kCoCXw2ktb4NTkpkPBI/lSP/FoNXLCBJ0mrnUi1OoZxtpW1Q==",
			"dev": true,
			"requires": {
				"@codemirror/state": "^6.0.0",
				"@codemirror/view": "^6.0.0",
				"@lezer/common": "^1.0.0",
				"@lezer/highlight": "^1.0.0",
				"@lezer/lr": "^1.0.0",
				"style-mod": "^4.0.0"
			},
			"dependencies": {
				"@lezer/common": {
					"version": "1.0.0",
					"resolved": "https://registry.npmjs.org/@lezer/common/-/common-1.0.0.tgz",
					"integrity": "sha512-ohydQe+Hb+w4oMDvXzs8uuJd2NoA3D8YDcLiuDsLqH+yflDTPEpgCsWI3/6rH5C3BAedtH1/R51dxENldQceEA==",
					"dev": true
				},
				"@lezer/lr": {
					"version": "1.2.0",
					"resolved": "https://registry.npmjs.org/@lezer/lr/-/lr-1.2.0.tgz",
					"integrity": "sha512-TgEpfm9br2SX8JwtwKT8HsQZKuFkLRg6g+IRxObk9nVKQLKnkP3oMh+QGcTBL9GQsfQ2ADtKPbj2iGSMf3ytiA==",
					"dev": true,
					"requires": {
						"@lezer/common": "^1.0.0"
					}
				}
			}
		},
		"@codemirror/matchbrackets": {
			"version": "0.19.4",
			"resolved": "https://registry.npmjs.org/@codemirror/matchbrackets/-/matchbrackets-0.19.4.tgz",
			"integrity": "sha512-VFkaOKPNudAA5sGP1zikRHCEKU0hjYmkKpr04pybUpQvfTvNJXlReCyP0rvH/1iEwAGPL990ZTT+QrLdu4MeEA==",
			"dev": true,
			"requires": {
				"@codemirror/language": "^0.19.0",
				"@codemirror/state": "^0.19.0",
				"@codemirror/view": "^0.19.0",
				"@lezer/common": "^0.15.0"
			},
			"dependencies": {
				"@codemirror/language": {
					"version": "0.19.10",
					"resolved": "https://registry.npmjs.org/@codemirror/language/-/language-0.19.10.tgz",
					"integrity": "sha512-yA0DZ3RYn2CqAAGW62VrU8c4YxscMQn45y/I9sjBlqB1e2OTQLg4CCkMBuMSLXk4xaqjlsgazeOQWaJQOKfV8Q==",
					"dev": true,
					"requires": {
						"@codemirror/state": "^0.19.0",
						"@codemirror/text": "^0.19.0",
						"@codemirror/view": "^0.19.0",
						"@lezer/common": "^0.15.5",
						"@lezer/lr": "^0.15.0"
					}
				},
				"@codemirror/state": {
					"version": "0.19.9",
					"resolved": "https://registry.npmjs.org/@codemirror/state/-/state-0.19.9.tgz",
					"integrity": "sha512-psOzDolKTZkx4CgUqhBQ8T8gBc0xN5z4gzed109aF6x7D7umpDRoimacI/O6d9UGuyl4eYuDCZmDFr2Rq7aGOw==",
					"dev": true,
					"requires": {
						"@codemirror/text": "^0.19.0"
					}
				},
				"@codemirror/view": {
					"version": "0.19.48",
					"resolved": "https://registry.npmjs.org/@codemirror/view/-/view-0.19.48.tgz",
					"integrity": "sha512-0eg7D2Nz4S8/caetCTz61rK0tkHI17V/d15Jy0kLOT8dTLGGNJUponDnW28h2B6bERmPlVHKh8MJIr5OCp1nGw==",
					"dev": true,
					"requires": {
						"@codemirror/rangeset": "^0.19.5",
						"@codemirror/state": "^0.19.3",
						"@codemirror/text": "^0.19.0",
						"style-mod": "^4.0.0",
						"w3c-keyname": "^2.2.4"
					}
				}
			}
		},
		"@codemirror/panel": {
			"version": "0.19.1",
			"resolved": "https://registry.npmjs.org/@codemirror/panel/-/panel-0.19.1.tgz",
			"integrity": "sha512-sYeOCMA3KRYxZYJYn5PNlt9yNsjy3zTNTrbYSfVgjgL9QomIVgOJWPO5hZ2sTN8lufO6lw0vTBsIPL9MSidmBg==",
			"dev": true,
			"requires": {
				"@codemirror/state": "^0.19.0",
				"@codemirror/view": "^0.19.0"
			},
			"dependencies": {
				"@codemirror/state": {
					"version": "0.19.9",
					"resolved": "https://registry.npmjs.org/@codemirror/state/-/state-0.19.9.tgz",
					"integrity": "sha512-psOzDolKTZkx4CgUqhBQ8T8gBc0xN5z4gzed109aF6x7D7umpDRoimacI/O6d9UGuyl4eYuDCZmDFr2Rq7aGOw==",
					"dev": true,
					"requires": {
						"@codemirror/text": "^0.19.0"
					}
				},
				"@codemirror/view": {
					"version": "0.19.48",
					"resolved": "https://registry.npmjs.org/@codemirror/view/-/view-0.19.48.tgz",
					"integrity": "sha512-0eg7D2Nz4S8/caetCTz61rK0tkHI17V/d15Jy0kLOT8dTLGGNJUponDnW28h2B6bERmPlVHKh8MJIr5OCp1nGw==",
					"dev": true,
					"requires": {
						"@codemirror/rangeset": "^0.19.5",
						"@codemirror/state": "^0.19.3",
						"@codemirror/text": "^0.19.0",
						"style-mod": "^4.0.0",
						"w3c-keyname": "^2.2.4"
					}
				}
			}
		},
		"@codemirror/rangeset": {
			"version": "0.19.9",
			"resolved": "https://registry.npmjs.org/@codemirror/rangeset/-/rangeset-0.19.9.tgz",
			"integrity": "sha512-V8YUuOvK+ew87Xem+71nKcqu1SXd5QROMRLMS/ljT5/3MCxtgrRie1Cvild0G/Z2f1fpWxzX78V0U4jjXBorBQ==",
			"dev": true,
			"requires": {
				"@codemirror/state": "^0.19.0"
			},
			"dependencies": {
				"@codemirror/state": {
					"version": "0.19.9",
					"resolved": "https://registry.npmjs.org/@codemirror/state/-/state-0.19.9.tgz",
					"integrity": "sha512-psOzDolKTZkx4CgUqhBQ8T8gBc0xN5z4gzed109aF6x7D7umpDRoimacI/O6d9UGuyl4eYuDCZmDFr2Rq7aGOw==",
					"dev": true,
					"requires": {
						"@codemirror/text": "^0.19.0"
					}
				}
			}
		},
		"@codemirror/search": {
			"version": "6.0.1",
			"resolved": "https://registry.npmjs.org/@codemirror/search/-/search-6.0.1.tgz",
			"integrity": "sha512-uOinkOrM+daMduCgMPomDfKLr7drGHB4jHl3Vq6xY2WRlL7MkNsBE0b+XHYa/Mee2npsJOgwvkW4n1lMFeBW2Q==",
			"dev": true,
			"requires": {
				"@codemirror/state": "^6.0.0",
				"@codemirror/view": "^6.0.0",
				"crelt": "^1.0.5"
			}
		},
		"@codemirror/state": {
			"version": "6.1.0",
			"resolved": "https://registry.npmjs.org/@codemirror/state/-/state-6.1.0.tgz",
			"integrity": "sha512-qbUr94DZTe6/V1VS7LDLz11rM/1t/nJxR1El4I6UaxDEdc0aZZvq6JCLJWiRmUf95NRAnDH6fhXn+PWp9wGCIg==",
			"dev": true
		},
		"@codemirror/stream-parser": {
			"version": "git+https://github.com/lishid/stream-parser.git#186bdf0cfd43ae31f910b38346c8c8b2aa6b2dd4",
			"from": "git+https://github.com/lishid/stream-parser.git",
			"dev": true,
			"requires": {
				"@codemirror/language": "^0.19.0",
				"@codemirror/state": "^0.19.0",
				"@codemirror/text": "^0.19.0",
				"@lezer/common": "^0.15.0",
				"@lezer/lr": "^0.15.0"
			},
			"dependencies": {
				"@codemirror/language": {
					"version": "0.19.10",
					"resolved": "https://registry.npmjs.org/@codemirror/language/-/language-0.19.10.tgz",
					"integrity": "sha512-yA0DZ3RYn2CqAAGW62VrU8c4YxscMQn45y/I9sjBlqB1e2OTQLg4CCkMBuMSLXk4xaqjlsgazeOQWaJQOKfV8Q==",
					"dev": true,
					"requires": {
						"@codemirror/state": "^0.19.0",
						"@codemirror/text": "^0.19.0",
						"@codemirror/view": "^0.19.0",
						"@lezer/common": "^0.15.5",
						"@lezer/lr": "^0.15.0"
					}
				},
				"@codemirror/state": {
					"version": "0.19.9",
					"resolved": "https://registry.npmjs.org/@codemirror/state/-/state-0.19.9.tgz",
					"integrity": "sha512-psOzDolKTZkx4CgUqhBQ8T8gBc0xN5z4gzed109aF6x7D7umpDRoimacI/O6d9UGuyl4eYuDCZmDFr2Rq7aGOw==",
					"dev": true,
					"requires": {
						"@codemirror/text": "^0.19.0"
					}
				},
				"@codemirror/view": {
					"version": "0.19.48",
					"resolved": "https://registry.npmjs.org/@codemirror/view/-/view-0.19.48.tgz",
					"integrity": "sha512-0eg7D2Nz4S8/caetCTz61rK0tkHI17V/d15Jy0kLOT8dTLGGNJUponDnW28h2B6bERmPlVHKh8MJIr5OCp1nGw==",
					"dev": true,
					"requires": {
						"@codemirror/rangeset": "^0.19.5",
						"@codemirror/state": "^0.19.3",
						"@codemirror/text": "^0.19.0",
						"style-mod": "^4.0.0",
						"w3c-keyname": "^2.2.4"
					}
				}
			}
		},
		"@codemirror/text": {
			"version": "0.19.6",
			"resolved": "https://registry.npmjs.org/@codemirror/text/-/text-0.19.6.tgz",
			"integrity": "sha512-T9jnREMIygx+TPC1bOuepz18maGq/92q2a+n4qTqObKwvNMg+8cMTslb8yxeEDEq7S3kpgGWxgO1UWbQRij0dA==",
			"dev": true
		},
		"@codemirror/view": {
			"version": "6.1.2",
			"resolved": "https://registry.npmjs.org/@codemirror/view/-/view-6.1.2.tgz",
			"integrity": "sha512-puUydfKwfmOo+ixtuB+uN/ZpcteEYSnpjHmMaow1sOQhNICsKtGBup3i9ybVqyzDagARRYzSHTWjbdeHqmn31w==",
			"dev": true,
			"requires": {
				"@codemirror/state": "^6.0.0",
				"style-mod": "^4.0.0",
				"w3c-keyname": "^2.2.4"
			}
		},
		"@esbuild/linux-loong64": {
			"version": "0.15.6",
			"resolved": "https://registry.npmjs.org/@esbuild/linux-loong64/-/linux-loong64-0.15.6.tgz",
			"integrity": "sha512-hqmVU2mUjH6J2ZivHphJ/Pdse2ZD+uGCHK0uvsiLDk/JnSedEVj77CiVUnbMKuU4tih1TZZL8tG9DExQg/GZsw==",
			"dev": true,
			"optional": true
		},
		"@lezer/common": {
			"version": "0.15.11",
			"resolved": "https://registry.npmjs.org/@lezer/common/-/common-0.15.11.tgz",
			"integrity": "sha512-vv0nSdIaVCRcJ8rPuDdsrNVfBOYe/4Szr/LhF929XyDmBndLDuWiCCHooGlGlJfzELyO608AyDhVsuX/ZG36NA==",
			"dev": true
		},
		"@lezer/highlight": {
			"version": "1.0.0",
			"resolved": "https://registry.npmjs.org/@lezer/highlight/-/highlight-1.0.0.tgz",
			"integrity": "sha512-nsCnNtim90UKsB5YxoX65v3GEIw3iCHw9RM2DtdgkiqAbKh9pCdvi8AWNwkYf10Lu6fxNhXPpkpHbW6mihhvJA==",
			"dev": true,
			"requires": {
				"@lezer/common": "^1.0.0"
			},
			"dependencies": {
				"@lezer/common": {
					"version": "1.0.0",
					"resolved": "https://registry.npmjs.org/@lezer/common/-/common-1.0.0.tgz",
					"integrity": "sha512-ohydQe+Hb+w4oMDvXzs8uuJd2NoA3D8YDcLiuDsLqH+yflDTPEpgCsWI3/6rH5C3BAedtH1/R51dxENldQceEA==",
					"dev": true
				}
			}
		},
		"@lezer/lr": {
			"version": "0.15.8",
			"resolved": "https://registry.npmjs.org/@lezer/lr/-/lr-0.15.8.tgz",
			"integrity": "sha512-bM6oE6VQZ6hIFxDNKk8bKPa14hqFrV07J/vHGOeiAbJReIaQXmkVb6xQu4MR+JBTLa5arGRyAAjJe1qaQt3Uvg==",
			"dev": true,
			"requires": {
				"@lezer/common": "^0.15.0"
			}
		},
		"@nodelib/fs.scandir": {
			"version": "2.1.5",
			"resolved": "https://registry.npmjs.org/@nodelib/fs.scandir/-/fs.scandir-2.1.5.tgz",
			"integrity": "sha512-vq24Bq3ym5HEQm2NKCr3yXDwjc7vTsEThRDnkp2DK9p1uqLR+DHurm/NOTo0KG7HYHU7eppKZj3MyqYuMBf62g==",
			"dev": true,
			"requires": {
				"@nodelib/fs.stat": "2.0.5",
				"run-parallel": "^1.1.9"
			}
		},
		"@nodelib/fs.stat": {
			"version": "2.0.5",
			"resolved": "https://registry.npmjs.org/@nodelib/fs.stat/-/fs.stat-2.0.5.tgz",
			"integrity": "sha512-RkhPPp2zrqDAQA/2jNhnztcPAlv64XdhIp7a7454A5ovI7Bukxgt7MX7udwAu3zg1DcpPU0rz3VV1SeaqvY4+A==",
			"dev": true
		},
		"@nodelib/fs.walk": {
			"version": "1.2.8",
			"resolved": "https://registry.npmjs.org/@nodelib/fs.walk/-/fs.walk-1.2.8.tgz",
			"integrity": "sha512-oGB+UxlgWcgQkgwo8GcEGwemoTFt3FIO9ababBmaGwXIoBKZ+GTy0pP185beGg7Llih/NSHSV2XAs1lnznocSg==",
			"dev": true,
			"requires": {
				"@nodelib/fs.scandir": "2.1.5",
				"fastq": "^1.6.0"
			}
		},
		"@types/codemirror": {
			"version": "0.0.108",
			"resolved": "https://registry.npmjs.org/@types/codemirror/-/codemirror-0.0.108.tgz",
			"integrity": "sha512-3FGFcus0P7C2UOGCNUVENqObEb4SFk+S8Dnxq7K6aIsLVs/vDtlangl3PEO0ykaKXyK56swVF6Nho7VsA44uhw==",
			"dev": true,
			"requires": {
				"@types/tern": "*"
			}
		},
		"@types/estree": {
			"version": "1.0.0",
			"resolved": "https://registry.npmjs.org/@types/estree/-/estree-1.0.0.tgz",
			"integrity": "sha512-WulqXMDUTYAXCjZnk6JtIHPigp55cVtDgDrO2gHRwhyJto21+1zbVCtOYB2L1F9w4qCQ0rOGWBnBe0FNTiEJIQ==",
			"dev": true
		},
		"@types/json-schema": {
			"version": "7.0.11",
			"resolved": "https://registry.npmjs.org/@types/json-schema/-/json-schema-7.0.11.tgz",
			"integrity": "sha512-wOuvG1SN4Us4rez+tylwwwCV1psiNVOkJeM3AUWUNWg/jDQY2+HE/444y5gc+jBmRqASOm2Oeh5c1axHobwRKQ==",
			"dev": true
		},
		"@types/node": {
			"version": "18.6.1",
			"resolved": "https://registry.npmjs.org/@types/node/-/node-18.6.1.tgz",
			"integrity": "sha512-z+2vB6yDt1fNwKOeGbckpmirO+VBDuQqecXkgeIqDlaOtmKn6hPR/viQ8cxCfqLU4fTlvM3+YjM367TukWdxpg==",
			"dev": true
		},
		"@types/tern": {
			"version": "0.23.4",
			"resolved": "https://registry.npmjs.org/@types/tern/-/tern-0.23.4.tgz",
			"integrity": "sha512-JAUw1iXGO1qaWwEOzxTKJZ/5JxVeON9kvGZ/osgZaJImBnyjyn0cjovPsf6FNLmyGY8Vw9DoXZCMlfMkMwHRWg==",
			"dev": true,
			"requires": {
				"@types/estree": "*"
			}
		},
		"@typescript-eslint/eslint-plugin": {
			"version": "5.31.0",
			"resolved": "https://registry.npmjs.org/@typescript-eslint/eslint-plugin/-/eslint-plugin-5.31.0.tgz",
			"integrity": "sha512-VKW4JPHzG5yhYQrQ1AzXgVgX8ZAJEvCz0QI6mLRX4tf7rnFfh5D8SKm0Pq6w5PyNfAWJk6sv313+nEt3ohWMBQ==",
			"dev": true,
			"requires": {
				"@typescript-eslint/scope-manager": "5.31.0",
				"@typescript-eslint/type-utils": "5.31.0",
				"@typescript-eslint/utils": "5.31.0",
				"debug": "^4.3.4",
				"functional-red-black-tree": "^1.0.1",
				"ignore": "^5.2.0",
				"regexpp": "^3.2.0",
				"semver": "^7.3.7",
				"tsutils": "^3.21.0"
			}
		},
		"@typescript-eslint/parser": {
			"version": "5.31.0",
			"resolved": "https://registry.npmjs.org/@typescript-eslint/parser/-/parser-5.31.0.tgz",
			"integrity": "sha512-UStjQiZ9OFTFReTrN+iGrC6O/ko9LVDhreEK5S3edmXgR396JGq7CoX2TWIptqt/ESzU2iRKXAHfSF2WJFcWHw==",
			"dev": true,
			"requires": {
				"@typescript-eslint/scope-manager": "5.31.0",
				"@typescript-eslint/types": "5.31.0",
				"@typescript-eslint/typescript-estree": "5.31.0",
				"debug": "^4.3.4"
			}
		},
		"@typescript-eslint/scope-manager": {
			"version": "5.31.0",
			"resolved": "https://registry.npmjs.org/@typescript-eslint/scope-manager/-/scope-manager-5.31.0.tgz",
			"integrity": "sha512-8jfEzBYDBG88rcXFxajdVavGxb5/XKXyvWgvD8Qix3EEJLCFIdVloJw+r9ww0wbyNLOTYyBsR+4ALNGdlalLLg==",
			"dev": true,
			"requires": {
				"@typescript-eslint/types": "5.31.0",
				"@typescript-eslint/visitor-keys": "5.31.0"
			}
		},
		"@typescript-eslint/type-utils": {
			"version": "5.31.0",
			"resolved": "https://registry.npmjs.org/@typescript-eslint/type-utils/-/type-utils-5.31.0.tgz",
			"integrity": "sha512-7ZYqFbvEvYXFn9ax02GsPcEOmuWNg+14HIf4q+oUuLnMbpJ6eHAivCg7tZMVwzrIuzX3QCeAOqKoyMZCv5xe+w==",
			"dev": true,
			"requires": {
				"@typescript-eslint/utils": "5.31.0",
				"debug": "^4.3.4",
				"tsutils": "^3.21.0"
			}
		},
		"@typescript-eslint/types": {
			"version": "5.31.0",
			"resolved": "https://registry.npmjs.org/@typescript-eslint/types/-/types-5.31.0.tgz",
			"integrity": "sha512-/f/rMaEseux+I4wmR6mfpM2wvtNZb1p9hAV77hWfuKc3pmaANp5dLAZSiE3/8oXTYTt3uV9KW5yZKJsMievp6g==",
			"dev": true
		},
		"@typescript-eslint/typescript-estree": {
			"version": "5.31.0",
			"resolved": "https://registry.npmjs.org/@typescript-eslint/typescript-estree/-/typescript-estree-5.31.0.tgz",
			"integrity": "sha512-3S625TMcARX71wBc2qubHaoUwMEn+l9TCsaIzYI/ET31Xm2c9YQ+zhGgpydjorwQO9pLfR/6peTzS/0G3J/hDw==",
			"dev": true,
			"requires": {
				"@typescript-eslint/types": "5.31.0",
				"@typescript-eslint/visitor-keys": "5.31.0",
				"debug": "^4.3.4",
				"globby": "^11.1.0",
				"is-glob": "^4.0.3",
				"semver": "^7.3.7",
				"tsutils": "^3.21.0"
			}
		},
		"@typescript-eslint/utils": {
			"version": "5.31.0",
			"resolved": "https://registry.npmjs.org/@typescript-eslint/utils/-/utils-5.31.0.tgz",
			"integrity": "sha512-kcVPdQS6VIpVTQ7QnGNKMFtdJdvnStkqS5LeALr4rcwx11G6OWb2HB17NMPnlRHvaZP38hL9iK8DdE9Fne7NYg==",
			"dev": true,
			"requires": {
				"@types/json-schema": "^7.0.9",
				"@typescript-eslint/scope-manager": "5.31.0",
				"@typescript-eslint/types": "5.31.0",
				"@typescript-eslint/typescript-estree": "5.31.0",
				"eslint-scope": "^5.1.1",
				"eslint-utils": "^3.0.0"
			}
		},
		"@typescript-eslint/visitor-keys": {
			"version": "5.31.0",
			"resolved": "https://registry.npmjs.org/@typescript-eslint/visitor-keys/-/visitor-keys-5.31.0.tgz",
			"integrity": "sha512-ZK0jVxSjS4gnPirpVjXHz7mgdOsZUHzNYSfTw2yPa3agfbt9YfqaBiBZFSSxeBWnpWkzCxTfUpnzA3Vily/CSg==",
			"dev": true,
			"requires": {
				"@typescript-eslint/types": "5.31.0",
				"eslint-visitor-keys": "^3.3.0"
			}
		},
		"array-union": {
			"version": "2.1.0",
			"resolved": "https://registry.npmjs.org/array-union/-/array-union-2.1.0.tgz",
			"integrity": "sha512-HGyxoOTYUyCM6stUe6EJgnd4EoewAI7zMdfqO+kGjnlZmBDz/cR5pf8r/cR4Wq60sL/p0IkcjUEEPwS3GFrIyw==",
			"dev": true
		},
		"async-mutex": {
			"version": "0.3.2",
			"resolved": "https://registry.npmjs.org/async-mutex/-/async-mutex-0.3.2.tgz",
			"integrity": "sha512-HuTK7E7MT7jZEh1P9GtRW9+aTWiDWWi9InbZ5hjxrnRa39KS4BW04+xLBhYNS2aXhHUIKZSw3gj4Pn1pj+qGAA==",
			"requires": {
				"tslib": "^2.3.1"
			}
		},
		"braces": {
			"version": "3.0.2",
			"resolved": "https://registry.npmjs.org/braces/-/braces-3.0.2.tgz",
			"integrity": "sha512-b8um+L1RzM3WDSzvhm6gIz1yfTbBt6YTlcEKAvsmqCZZFw46z626lVj9j1yEPW33H5H+lBQpZMP1k8l+78Ha0A==",
			"dev": true,
			"requires": {
				"fill-range": "^7.0.1"
			}
		},
		"builtin-modules": {
			"version": "3.3.0",
			"resolved": "https://registry.npmjs.org/builtin-modules/-/builtin-modules-3.3.0.tgz",
			"integrity": "sha512-zhaCDicdLuWN5UbN5IMnFqNMhNfo919sH85y2/ea+5Yg9TsTkeZxpL+JLbp6cgYFS4sRLp3YV4S6yDuqVWHYOw==",
			"dev": true
		},
		"crelt": {
			"version": "1.0.5",
			"resolved": "https://registry.npmjs.org/crelt/-/crelt-1.0.5.tgz",
			"integrity": "sha512-+BO9wPPi+DWTDcNYhr/W90myha8ptzftZT+LwcmUbbok0rcP/fequmFYCw8NMoH7pkAZQzU78b3kYrlua5a9eA==",
			"dev": true
		},
		"debug": {
			"version": "4.3.4",
			"resolved": "https://registry.npmjs.org/debug/-/debug-4.3.4.tgz",
			"integrity": "sha512-PRWFHuSU3eDtQJPvnNY7Jcket1j0t5OuOsFzPPzsekD52Zl8qUfFIPEiswXqIvHWGVHOgX+7G/vCNNhehwxfkQ==",
			"dev": true,
			"requires": {
				"ms": "2.1.2"
			}
		},
		"dexie": {
			"version": "3.2.2",
			"resolved": "https://registry.npmjs.org/dexie/-/dexie-3.2.2.tgz",
			"integrity": "sha512-q5dC3HPmir2DERlX+toCBbHQXW5MsyrFqPFcovkH9N2S/UW/H3H5AWAB6iEOExeraAu+j+zRDG+zg/D7YhH0qg=="
		},
		"dir-glob": {
			"version": "3.0.1",
			"resolved": "https://registry.npmjs.org/dir-glob/-/dir-glob-3.0.1.tgz",
			"integrity": "sha512-WkrWp9GR4KXfKGYzOLmTuGVi1UWFfws377n9cc55/tb6DuqyF6pcQ5AbiHEshaDpY9v6oaSr2XCDidGmMwdzIA==",
			"dev": true,
			"requires": {
				"path-type": "^4.0.0"
			}
		},
		"esbuild": {
			"version": "0.15.6",
			"resolved": "https://registry.npmjs.org/esbuild/-/esbuild-0.15.6.tgz",
			"integrity": "sha512-sgLOv3l4xklvXzzczhRwKRotyrfyZ2i1fCS6PTOLPd9wevDPArGU8HFtHrHCOcsMwTjLjzGm15gvC8uxVzQf+w==",
			"dev": true,
			"requires": {
				"@esbuild/linux-loong64": "0.15.6",
				"esbuild-android-64": "0.15.6",
				"esbuild-android-arm64": "0.15.6",
				"esbuild-darwin-64": "0.15.6",
				"esbuild-darwin-arm64": "0.15.6",
				"esbuild-freebsd-64": "0.15.6",
				"esbuild-freebsd-arm64": "0.15.6",
				"esbuild-linux-32": "0.15.6",
				"esbuild-linux-64": "0.15.6",
				"esbuild-linux-arm": "0.15.6",
				"esbuild-linux-arm64": "0.15.6",
				"esbuild-linux-mips64le": "0.15.6",
				"esbuild-linux-ppc64le": "0.15.6",
				"esbuild-linux-riscv64": "0.15.6",
				"esbuild-linux-s390x": "0.15.6",
				"esbuild-netbsd-64": "0.15.6",
				"esbuild-openbsd-64": "0.15.6",
				"esbuild-sunos-64": "0.15.6",
				"esbuild-windows-32": "0.15.6",
				"esbuild-windows-64": "0.15.6",
				"esbuild-windows-arm64": "0.15.6"
			}
		},
		"esbuild-android-64": {
			"version": "0.15.6",
			"resolved": "https://registry.npmjs.org/esbuild-android-64/-/esbuild-android-64-0.15.6.tgz",
			"integrity": "sha512-Z1CHSgB1crVQi2LKSBwSkpaGtaloVz0ZIYcRMsvHc3uSXcR/x5/bv9wcZspvH/25lIGTaViosciS/NS09ERmVA==",
			"dev": true,
			"optional": true
		},
		"esbuild-android-arm64": {
			"version": "0.15.6",
			"resolved": "https://registry.npmjs.org/esbuild-android-arm64/-/esbuild-android-arm64-0.15.6.tgz",
			"integrity": "sha512-mvM+gqNxqKm2pCa3dnjdRzl7gIowuc4ga7P7c3yHzs58Im8v/Lfk1ixSgQ2USgIywT48QWaACRa3F4MG7djpSw==",
			"dev": true,
			"optional": true
		},
		"esbuild-darwin-64": {
			"version": "0.15.6",
			"resolved": "https://registry.npmjs.org/esbuild-darwin-64/-/esbuild-darwin-64-0.15.6.tgz",
			"integrity": "sha512-BsfVt3usScAfGlXJiGtGamwVEOTM8AiYiw1zqDWhGv6BncLXCnTg1As+90mxWewdTZKq3iIy8s9g8CKkrrAXVw==",
			"dev": true,
			"optional": true
		},
		"esbuild-darwin-arm64": {
			"version": "0.15.6",
			"resolved": "https://registry.npmjs.org/esbuild-darwin-arm64/-/esbuild-darwin-arm64-0.15.6.tgz",
			"integrity": "sha512-CnrAeJaEpPakUobhqO4wVSA4Zm6TPaI5UY4EsI62j9mTrjIyQPXA1n4Ju6Iu5TVZRnEqV6q8blodgYJ6CJuwCA==",
			"dev": true,
			"optional": true
		},
		"esbuild-freebsd-64": {
			"version": "0.15.6",
			"resolved": "https://registry.npmjs.org/esbuild-freebsd-64/-/esbuild-freebsd-64-0.15.6.tgz",
			"integrity": "sha512-+qFdmqi+jkAsxsNJkaWVrnxEUUI50nu6c3MBVarv3RCDCbz7ZS1a4ZrdkwEYFnKcVWu6UUE0Kkb1SQ1yGEG6sg==",
			"dev": true,
			"optional": true
		},
		"esbuild-freebsd-arm64": {
			"version": "0.15.6",
			"resolved": "https://registry.npmjs.org/esbuild-freebsd-arm64/-/esbuild-freebsd-arm64-0.15.6.tgz",
			"integrity": "sha512-KtQkQOhnNciXm2yrTYZMD3MOm2zBiiwFSU+dkwNbcfDumzzUprr1x70ClTdGuZwieBS1BM/k0KajRQX7r504Xw==",
			"dev": true,
			"optional": true
		},
		"esbuild-linux-32": {
			"version": "0.15.6",
			"resolved": "https://registry.npmjs.org/esbuild-linux-32/-/esbuild-linux-32-0.15.6.tgz",
			"integrity": "sha512-IAkDNz3TpxwISTGVdQijwyHBZrbFgLlRi5YXcvaEHtgbmayLSDcJmH5nV1MFgo/x2QdKcHBkOYHdjhKxUAcPwg==",
			"dev": true,
			"optional": true
		},
		"esbuild-linux-64": {
			"version": "0.15.6",
			"resolved": "https://registry.npmjs.org/esbuild-linux-64/-/esbuild-linux-64-0.15.6.tgz",
			"integrity": "sha512-gQPksyrEYfA4LJwyfTQWAZaVZCx4wpaLrSzo2+Xc9QLC+i/sMWmX31jBjrn4nLJCd79KvwCinto36QC7BEIU/A==",
			"dev": true,
			"optional": true
		},
		"esbuild-linux-arm": {
			"version": "0.15.6",
			"resolved": "https://registry.npmjs.org/esbuild-linux-arm/-/esbuild-linux-arm-0.15.6.tgz",
			"integrity": "sha512-xZ0Bq2aivsthDjA/ytQZzxrxIZbG0ATJYMJxNeOIBc1zUjpbVpzBKgllOZMsTSXMHFHGrow6TnCcgwqY0+oEoQ==",
			"dev": true,
			"optional": true
		},
		"esbuild-linux-arm64": {
			"version": "0.15.6",
			"resolved": "https://registry.npmjs.org/esbuild-linux-arm64/-/esbuild-linux-arm64-0.15.6.tgz",
			"integrity": "sha512-aovDkclFa6C9EdZVBuOXxqZx83fuoq8097xZKhEPSygwuy4Lxs8J4anHG7kojAsR+31lfUuxzOo2tHxv7EiNHA==",
			"dev": true,
			"optional": true
		},
		"esbuild-linux-mips64le": {
			"version": "0.15.6",
			"resolved": "https://registry.npmjs.org/esbuild-linux-mips64le/-/esbuild-linux-mips64le-0.15.6.tgz",
			"integrity": "sha512-wVpW8wkWOGizsCqCwOR/G3SHwhaecpGy3fic9BF1r7vq4djLjUcA8KunDaBCjJ6TgLQFhJ98RjDuyEf8AGjAvw==",
			"dev": true,
			"optional": true
		},
		"esbuild-linux-ppc64le": {
			"version": "0.15.6",
			"resolved": "https://registry.npmjs.org/esbuild-linux-ppc64le/-/esbuild-linux-ppc64le-0.15.6.tgz",
			"integrity": "sha512-z6w6gsPH/Y77uchocluDC8tkCg9rfkcPTePzZKNr879bF4tu7j9t255wuNOCE396IYEGxY7y8u2HJ9i7kjCLVw==",
			"dev": true,
			"optional": true
		},
		"esbuild-linux-riscv64": {
			"version": "0.15.6",
			"resolved": "https://registry.npmjs.org/esbuild-linux-riscv64/-/esbuild-linux-riscv64-0.15.6.tgz",
			"integrity": "sha512-pfK/3MJcmbfU399TnXW5RTPS1S+ID6ra+CVj9TFZ2s0q9Ja1F5A1VirUUvViPkjiw+Kq3zveyn6U09Wg1zJXrw==",
			"dev": true,
			"optional": true
		},
		"esbuild-linux-s390x": {
			"version": "0.15.6",
			"resolved": "https://registry.npmjs.org/esbuild-linux-s390x/-/esbuild-linux-s390x-0.15.6.tgz",
			"integrity": "sha512-OZeeDu32liefcwAE63FhVqM4heWTC8E3MglOC7SK0KYocDdY/6jyApw0UDkDHlcEK9mW6alX/SH9r3PDjcCo/Q==",
			"dev": true,
			"optional": true
		},
		"esbuild-netbsd-64": {
			"version": "0.15.6",
			"resolved": "https://registry.npmjs.org/esbuild-netbsd-64/-/esbuild-netbsd-64-0.15.6.tgz",
			"integrity": "sha512-kaxw61wcHMyiEsSsi5ut1YYs/hvTC2QkxJwyRvC2Cnsz3lfMLEu8zAjpBKWh9aU/N0O/gsRap4wTur5GRuSvBA==",
			"dev": true,
			"optional": true
		},
		"esbuild-openbsd-64": {
			"version": "0.15.6",
			"resolved": "https://registry.npmjs.org/esbuild-openbsd-64/-/esbuild-openbsd-64-0.15.6.tgz",
			"integrity": "sha512-CuoY60alzYfIZapUHqFXqXbj88bbRJu8Fp9okCSHRX2zWIcGz4BXAHXiG7dlCye5nFVrY72psesLuWdusyf2qw==",
			"dev": true,
			"optional": true
		},
		"esbuild-sunos-64": {
			"version": "0.15.6",
			"resolved": "https://registry.npmjs.org/esbuild-sunos-64/-/esbuild-sunos-64-0.15.6.tgz",
			"integrity": "sha512-1ceefLdPWcd1nW/ZLruPEYxeUEAVX0YHbG7w+BB4aYgfknaLGotI/ZvPWUZpzhC8l1EybrVlz++lm3E6ODIJOg==",
			"dev": true,
			"optional": true
		},
		"esbuild-windows-32": {
			"version": "0.15.6",
			"resolved": "https://registry.npmjs.org/esbuild-windows-32/-/esbuild-windows-32-0.15.6.tgz",
			"integrity": "sha512-pBqdOsKqCD5LRYiwF29PJRDJZi7/Wgkz46u3d17MRFmrLFcAZDke3nbdDa1c8YgY78RiemudfCeAemN8EBlIpA==",
			"dev": true,
			"optional": true
		},
		"esbuild-windows-64": {
			"version": "0.15.6",
			"resolved": "https://registry.npmjs.org/esbuild-windows-64/-/esbuild-windows-64-0.15.6.tgz",
			"integrity": "sha512-KpPOh4aTOo//g9Pk2oVAzXMpc9Sz9n5A9sZTmWqDSXCiiachfFhbuFlsKBGATYCVitXfmBIJ4nNYYWSOdz4hQg==",
			"dev": true,
			"optional": true
		},
		"esbuild-windows-arm64": {
			"version": "0.15.6",
			"resolved": "https://registry.npmjs.org/esbuild-windows-arm64/-/esbuild-windows-arm64-0.15.6.tgz",
			"integrity": "sha512-DB3G2x9OvFEa00jV+OkDBYpufq5x/K7a6VW6E2iM896DG4ZnAvJKQksOsCPiM1DUaa+DrijXAQ/ZOcKAqf/3Hg==",
			"dev": true,
			"optional": true
		},
		"eslint-scope": {
			"version": "5.1.1",
			"resolved": "https://registry.npmjs.org/eslint-scope/-/eslint-scope-5.1.1.tgz",
			"integrity": "sha512-2NxwbF/hZ0KpepYN0cNbo+FN6XoK7GaHlQhgx/hIZl6Va0bF45RQOOwhLIy8lQDbuCiadSLCBnH2CFYquit5bw==",
			"dev": true,
			"requires": {
				"esrecurse": "^4.3.0",
				"estraverse": "^4.1.1"
			}
		},
		"eslint-utils": {
			"version": "3.0.0",
			"resolved": "https://registry.npmjs.org/eslint-utils/-/eslint-utils-3.0.0.tgz",
			"integrity": "sha512-uuQC43IGctw68pJA1RgbQS8/NP7rch6Cwd4j3ZBtgo4/8Flj4eGE7ZYSZRN3iq5pVUv6GPdW5Z1RFleo84uLDA==",
			"dev": true,
			"requires": {
				"eslint-visitor-keys": "^2.0.0"
			},
			"dependencies": {
				"eslint-visitor-keys": {
					"version": "2.1.0",
					"resolved": "https://registry.npmjs.org/eslint-visitor-keys/-/eslint-visitor-keys-2.1.0.tgz",
					"integrity": "sha512-0rSmRBzXgDzIsD6mGdJgevzgezI534Cer5L/vyMX0kHzT/jiB43jRhd9YUlMGYLQy2zprNmoT8qasCGtY+QaKw==",
					"dev": true
				}
			}
		},
		"eslint-visitor-keys": {
			"version": "3.3.0",
			"resolved": "https://registry.npmjs.org/eslint-visitor-keys/-/eslint-visitor-keys-3.3.0.tgz",
			"integrity": "sha512-mQ+suqKJVyeuwGYHAdjMFqjCyfl8+Ldnxuyp3ldiMBFKkvytrXUZWaiPCEav8qDHKty44bD+qV1IP4T+w+xXRA==",
			"dev": true
		},
		"esrecurse": {
			"version": "4.3.0",
			"resolved": "https://registry.npmjs.org/esrecurse/-/esrecurse-4.3.0.tgz",
			"integrity": "sha512-KmfKL3b6G+RXvP8N1vr3Tq1kL/oCFgn2NYXEtqP8/L3pKapUA4G8cFVaoF3SU323CD4XypR/ffioHmkti6/Tag==",
			"dev": true,
			"requires": {
				"estraverse": "^5.2.0"
			},
			"dependencies": {
				"estraverse": {
					"version": "5.3.0",
					"resolved": "https://registry.npmjs.org/estraverse/-/estraverse-5.3.0.tgz",
					"integrity": "sha512-MMdARuVEQziNTeJD8DgMqmhwR11BRQ/cBP+pLtYdSTnf3MIO8fFeiINEbX36ZdNlfU/7A9f3gUw49B3oQsvwBA==",
					"dev": true
				}
			}
		},
		"estraverse": {
			"version": "4.3.0",
			"resolved": "https://registry.npmjs.org/estraverse/-/estraverse-4.3.0.tgz",
			"integrity": "sha512-39nnKffWz8xN1BU/2c79n9nB9HDzo0niYUqx6xyqUnyoAnQyyWpOTdZEeiCch8BBu515t4wp9ZmgVfVhn9EBpw==",
			"dev": true
		},
		"fast-glob": {
			"version": "3.2.11",
			"resolved": "https://registry.npmjs.org/fast-glob/-/fast-glob-3.2.11.tgz",
			"integrity": "sha512-xrO3+1bxSo3ZVHAnqzyuewYT6aMFHRAd4Kcs92MAonjwQZLsK9d0SF1IyQ3k5PoirxTW0Oe/RqFgMQ6TcNE5Ew==",
			"dev": true,
			"requires": {
				"@nodelib/fs.stat": "^2.0.2",
				"@nodelib/fs.walk": "^1.2.3",
				"glob-parent": "^5.1.2",
				"merge2": "^1.3.0",
				"micromatch": "^4.0.4"
			}
		},
		"fastq": {
			"version": "1.13.0",
			"resolved": "https://registry.npmjs.org/fastq/-/fastq-1.13.0.tgz",
			"integrity": "sha512-YpkpUnK8od0o1hmeSc7UUs/eB/vIPWJYjKck2QKIzAf71Vm1AAQ3EbuZB3g2JIy+pg+ERD0vqI79KyZiB2e2Nw==",
			"dev": true,
			"requires": {
				"reusify": "^1.0.4"
			}
		},
		"fill-range": {
			"version": "7.0.1",
			"resolved": "https://registry.npmjs.org/fill-range/-/fill-range-7.0.1.tgz",
			"integrity": "sha512-qOo9F+dMUmC2Lcb4BbVvnKJxTPjCm+RRpe4gDuGrzkL7mEVl/djYSu2OdQ2Pa302N4oqkSg9ir6jaLWJ2USVpQ==",
			"dev": true,
			"requires": {
				"to-regex-range": "^5.0.1"
			}
		},
		"functional-red-black-tree": {
			"version": "1.0.1",
			"resolved": "https://registry.npmjs.org/functional-red-black-tree/-/functional-red-black-tree-1.0.1.tgz",
			"integrity": "sha512-dsKNQNdj6xA3T+QlADDA7mOSlX0qiMINjn0cgr+eGHGsbSHzTabcIogz2+p/iqP1Xs6EP/sS2SbqH+brGTbq0g==",
			"dev": true
		},
		"glob-parent": {
			"version": "5.1.2",
			"resolved": "https://registry.npmjs.org/glob-parent/-/glob-parent-5.1.2.tgz",
			"integrity": "sha512-AOIgSQCepiJYwP3ARnGx+5VnTu2HBYdzbGP45eLw1vr3zB3vZLeyed1sC9hnbcOc9/SrMyM5RPQrkGz4aS9Zow==",
			"dev": true,
			"requires": {
				"is-glob": "^4.0.1"
			}
		},
		"globby": {
			"version": "11.1.0",
			"resolved": "https://registry.npmjs.org/globby/-/globby-11.1.0.tgz",
			"integrity": "sha512-jhIXaOzy1sb8IyocaruWSn1TjmnBVs8Ayhcy83rmxNJ8q2uWKCAj3CnJY+KpGSXCueAPc0i05kVvVKtP1t9S3g==",
			"dev": true,
			"requires": {
				"array-union": "^2.1.0",
				"dir-glob": "^3.0.1",
				"fast-glob": "^3.2.9",
				"ignore": "^5.2.0",
				"merge2": "^1.4.1",
				"slash": "^3.0.0"
			}
		},
		"ignore": {
			"version": "5.2.0",
			"resolved": "https://registry.npmjs.org/ignore/-/ignore-5.2.0.tgz",
			"integrity": "sha512-CmxgYGiEPCLhfLnpPp1MoRmifwEIOgjcHXxOBjv7mY96c+eWScsOP9c112ZyLdWHi0FxHjI+4uVhKYp/gcdRmQ==",
			"dev": true
		},
		"is-extglob": {
			"version": "2.1.1",
			"resolved": "https://registry.npmjs.org/is-extglob/-/is-extglob-2.1.1.tgz",
			"integrity": "sha512-SbKbANkN603Vi4jEZv49LeVJMn4yGwsbzZworEoyEiutsN3nJYdbO36zfhGJ6QEDpOZIFkDtnq5JRxmvl3jsoQ==",
			"dev": true
		},
		"is-glob": {
			"version": "4.0.3",
			"resolved": "https://registry.npmjs.org/is-glob/-/is-glob-4.0.3.tgz",
			"integrity": "sha512-xelSayHH36ZgE7ZWhli7pW34hNbNl8Ojv5KVmkJD4hBdD3th8Tfk9vYasLM+mXWOZhFkgZfxhLSnrwRr4elSSg==",
			"dev": true,
			"requires": {
				"is-extglob": "^2.1.1"
			}
		},
		"is-number": {
			"version": "7.0.0",
			"resolved": "https://registry.npmjs.org/is-number/-/is-number-7.0.0.tgz",
			"integrity": "sha512-41Cifkg6e8TylSpdtTpeLVMqvSBEVzTttHvERD741+pnZ8ANv0004MRL43QKPDlK9cGvNp6NZWZUBlbGXYxxng==",
			"dev": true
		},
		"lru-cache": {
			"version": "6.0.0",
			"resolved": "https://registry.npmjs.org/lru-cache/-/lru-cache-6.0.0.tgz",
			"integrity": "sha512-Jo6dJ04CmSjuznwJSS3pUeWmd/H0ffTlkXXgwZi+eq1UCmqQwCh+eLsYOYCwY991i2Fah4h1BEMCx4qThGbsiA==",
			"dev": true,
			"requires": {
				"yallist": "^4.0.0"
			}
		},
		"merge2": {
			"version": "1.4.1",
			"resolved": "https://registry.npmjs.org/merge2/-/merge2-1.4.1.tgz",
			"integrity": "sha512-8q7VEgMJW4J8tcfVPy8g09NcQwZdbwFEqhe/WZkoIzjn/3TGDwtOCYtXGxA3O8tPzpczCCDgv+P2P5y00ZJOOg==",
			"dev": true
		},
		"micromatch": {
			"version": "4.0.5",
			"resolved": "https://registry.npmjs.org/micromatch/-/micromatch-4.0.5.tgz",
			"integrity": "sha512-DMy+ERcEW2q8Z2Po+WNXuw3c5YaUSFjAO5GsJqfEl7UjvtIuFKO6ZrKvcItdy98dwFI2N1tg3zNIdKaQT+aNdA==",
			"dev": true,
			"requires": {
				"braces": "^3.0.2",
				"picomatch": "^2.3.1"
			}
		},
		"moment": {
			"version": "2.29.3",
			"resolved": "https://registry.npmjs.org/moment/-/moment-2.29.3.tgz",
			"integrity": "sha512-c6YRvhEo//6T2Jz/vVtYzqBzwvPT95JBQ+smCytzf7c50oMZRsR/a4w88aD34I+/QVSfnoAnSBFPJHItlOMJVw==",
			"dev": true
		},
		"ms": {
			"version": "2.1.2",
			"resolved": "https://registry.npmjs.org/ms/-/ms-2.1.2.tgz",
			"integrity": "sha512-sGkPx+VjMtmA6MX27oA4FBFELFCZZ4S4XqeGOXCv68tT+jb3vk/RyaKWP0PTKyWtmLSM0b+adUTEvbs1PEaH2w==",
			"dev": true
		},
		"obsidian": {
			"version": "0.15.4",
			"resolved": "https://registry.npmjs.org/obsidian/-/obsidian-0.15.4.tgz",
			"integrity": "sha512-FE11CxxpVD6t/DBvjLvlT7q7YYW91ubTqPKIIp286LdnyLipS8Xi3Tif8i8ALPv87Vg9obKM43aWcPsYLxLllQ==",
			"dev": true,
			"requires": {
				"@types/codemirror": "0.0.108",
				"moment": "2.29.3"
			}
		},
		"path-type": {
			"version": "4.0.0",
			"resolved": "https://registry.npmjs.org/path-type/-/path-type-4.0.0.tgz",
			"integrity": "sha512-gDKb8aZMDeD/tZWs9P6+q0J9Mwkdl6xMV8TjnGP3qJVJ06bdMgkbBlLU8IdfOsIsFz2BW1rNVT3XuNEl8zPAvw==",
			"dev": true
		},
		"picomatch": {
			"version": "2.3.1",
			"resolved": "https://registry.npmjs.org/picomatch/-/picomatch-2.3.1.tgz",
			"integrity": "sha512-JU3teHTNjmE2VCGFzuY8EXzCDVwEqB2a8fsIvwaStHhAWJEeVd1o1QD80CU6+ZdEXXSLbSsuLwJjkCBWqRQUVA==",
			"dev": true
		},
		"popover-plugin": {
			"version": "1.0.10",
			"resolved": "https://registry.npmjs.org/popover-plugin/-/popover-plugin-1.0.10.tgz",
			"integrity": "sha512-5CCVqUv3QxFot8c3UQ57mF7B+o1J7puCALf0IhBCbcSLOEtWTvQ/yWs3JfgbN8CI0N8PKZkdR97tEvxtRaV7YA=="
		},
		"popper-plugin": {
			"version": "1.0.4",
			"resolved": "https://registry.npmjs.org/popper-plugin/-/popper-plugin-1.0.4.tgz",
			"integrity": "sha512-Toe9mfb16ht7Yo+JcBXI3YXgyuuBr8FoGkGtquoyCXH1cK9+TdLuwHPWPnmj2K0dQWf0cHhnefeZk9/EFASmlA=="
		},
		"queue-microtask": {
			"version": "1.2.3",
			"resolved": "https://registry.npmjs.org/queue-microtask/-/queue-microtask-1.2.3.tgz",
			"integrity": "sha512-NuaNSa6flKT5JaSYQzJok04JzTL1CA6aGhv5rfLW3PgqA+M2ChpZQnAC8h8i4ZFkBS8X5RqkDBHA7r4hej3K9A==",
			"dev": true
		},
		"regexpp": {
			"version": "3.2.0",
			"resolved": "https://registry.npmjs.org/regexpp/-/regexpp-3.2.0.tgz",
			"integrity": "sha512-pq2bWo9mVD43nbts2wGv17XLiNLya+GklZ8kaDLV2Z08gDCsGpnKn9BFMepvWuHCbyVvY7J5o5+BVvoQbmlJLg==",
			"dev": true
		},
		"reusify": {
			"version": "1.0.4",
			"resolved": "https://registry.npmjs.org/reusify/-/reusify-1.0.4.tgz",
			"integrity": "sha512-U9nH88a3fc/ekCF1l0/UP1IosiuIjyTh7hBvXVMHYgVcfGvt897Xguj2UOLDeI5BG2m7/uwyaLVT6fbtCwTyzw==",
			"dev": true
		},
		"run-parallel": {
			"version": "1.2.0",
			"resolved": "https://registry.npmjs.org/run-parallel/-/run-parallel-1.2.0.tgz",
			"integrity": "sha512-5l4VyZR86LZ/lDxZTR6jqL8AFE2S0IFLMP26AbjsLVADxHdhB/c0GUsH+y39UfCi3dzz8OlQuPmnaJOMoDHQBA==",
			"dev": true,
			"requires": {
				"queue-microtask": "^1.2.2"
			}
		},
		"semver": {
			"version": "7.3.7",
			"resolved": "https://registry.npmjs.org/semver/-/semver-7.3.7.tgz",
			"integrity": "sha512-QlYTucUYOews+WeEujDoEGziz4K6c47V/Bd+LjSSYcA94p+DmINdf7ncaUinThfvZyu13lN9OY1XDxt8C0Tw0g==",
			"dev": true,
			"requires": {
				"lru-cache": "^6.0.0"
			}
		},
		"slash": {
			"version": "3.0.0",
			"resolved": "https://registry.npmjs.org/slash/-/slash-3.0.0.tgz",
			"integrity": "sha512-g9Q1haeby36OSStwb4ntCGGGaKsaVSjQ68fBxoQcutl5fS1vuY18H3wSt3jFyFtrkx+Kz0V1G85A4MyAdDMi2Q==",
			"dev": true
		},
		"style-mod": {
			"version": "4.0.0",
			"resolved": "https://registry.npmjs.org/style-mod/-/style-mod-4.0.0.tgz",
			"integrity": "sha512-OPhtyEjyyN9x3nhPsu76f52yUGXiZcgvsrFVtvTkyGRQJ0XK+GPc6ov1z+lRpbeabka+MYEQxOYRnt5nF30aMw==",
			"dev": true
		},
		"to-regex-range": {
			"version": "5.0.1",
			"resolved": "https://registry.npmjs.org/to-regex-range/-/to-regex-range-5.0.1.tgz",
			"integrity": "sha512-65P7iz6X5yEr1cwcgvQxbbIw7Uk3gOy5dIdtZ4rDveLqhrdJP+Li/Hx6tyK0NEb+2GCyneCMJiGqrADCSNk8sQ==",
			"dev": true,
			"requires": {
				"is-number": "^7.0.0"
			}
		},
		"tooltip-plugin": {
			"version": "1.0.16",
			"resolved": "https://registry.npmjs.org/tooltip-plugin/-/tooltip-plugin-1.0.16.tgz",
			"integrity": "sha512-bZTFoMw2UM9dX9R6hZIme2vrMLvctdmqGDhzalXGrlxKGzRGTTSnpN6MAGvFf2aXOYfuRwQAhhoTLaleEnI4PQ=="
		},
		"tslib": {
			"version": "2.4.0",
			"resolved": "https://registry.npmjs.org/tslib/-/tslib-2.4.0.tgz",
			"integrity": "sha512-d6xOpEDfsi2CZVlPQzGeux8XMwLT9hssAsaPYExaQMuYskwb+x1x7J371tWlbBdWHroy99KnVB6qIkUbs5X3UQ=="
		},
		"tsutils": {
			"version": "3.21.0",
			"resolved": "https://registry.npmjs.org/tsutils/-/tsutils-3.21.0.tgz",
			"integrity": "sha512-mHKK3iUXL+3UF6xL5k0PEhKRUBKPBCv/+RkEOpjRWxxx27KKRBmmA60A9pgOUvMi8GKhRMPEmjBRPzs2W7O1OA==",
			"dev": true,
			"requires": {
				"tslib": "^1.8.1"
			},
			"dependencies": {
				"tslib": {
					"version": "1.14.1",
					"resolved": "https://registry.npmjs.org/tslib/-/tslib-1.14.1.tgz",
					"integrity": "sha512-Xni35NKzjgMrwevysHTCArtLDpPvye8zV/0E4EyYn43P7/7qvQwPh9BGkHewbMulVntbigmcT7rdX3BNo9wRJg==",
					"dev": true
				}
			}
		},
		"typescript": {
			"version": "4.7.4",
			"resolved": "https://registry.npmjs.org/typescript/-/typescript-4.7.4.tgz",
			"integrity": "sha512-C0WQT0gezHuw6AdY1M2jxUO83Rjf0HP7Sk1DtXj6j1EwkQNZrHAg2XPWlq62oqEhYvONq5pkC2Y9oPljWToLmQ==",
			"dev": true
		},
		"virtual-select-plugin": {
			"version": "1.0.31",
			"resolved": "https://registry.npmjs.org/virtual-select-plugin/-/virtual-select-plugin-1.0.31.tgz",
			"integrity": "sha512-x0EL+7qMO/UUFDGkLzY05Wi8wzC65jLIG7exWBOhRLpTyn+tm7sTGjbeWJC64CdAtHthEfgI7OH97FIyPKW/TA==",
			"requires": {
				"tooltip-plugin": "^1.0.16"
			}
		},
		"w3c-keyname": {
			"version": "2.2.5",
			"resolved": "https://registry.npmjs.org/w3c-keyname/-/w3c-keyname-2.2.5.tgz",
			"integrity": "sha512-WJrK7i6w+ULuZsGscCezbCH4Aev5U3xY87vnSimzzEgPQhb0Sa0a1rE3c2jtEwrFtSfi61Jefw3jI5/DD/3jbQ==",
			"dev": true
		},
		"yallist": {
			"version": "4.0.0",
			"resolved": "https://registry.npmjs.org/yallist/-/yallist-4.0.0.tgz",
			"integrity": "sha512-3wdGidZyq5PB084XLES5TpOSRA3wjXAlIWMhum2kRcv/41Sn2emQ0dycQW4uZXLejwKvg6EsvbdlVL+FYEct7A==",
			"dev": true
		}
	}
}
